// !$*UTF8*$!
{
	archiveVersion = 1;
	classes = {
	};
	objectVersion = 46;
	objects = {

/* Begin PBXBuildFile section */
		5766E9BF181EB19D008BA3F2 /* Foundation.framework in Frameworks */ = {isa = PBXBuildFile; fileRef = 5766E9BE181EB19D008BA3F2 /* Foundation.framework */; };
		5766E9C1181EB19D008BA3F2 /* CoreGraphics.framework in Frameworks */ = {isa = PBXBuildFile; fileRef = 5766E9C0181EB19D008BA3F2 /* CoreGraphics.framework */; };
		5766E9C3181EB19D008BA3F2 /* UIKit.framework in Frameworks */ = {isa = PBXBuildFile; fileRef = 5766E9C2181EB19D008BA3F2 /* UIKit.framework */; };
		5766E9C9181EB19D008BA3F2 /* InfoPlist.strings in Resources */ = {isa = PBXBuildFile; fileRef = 5766E9C7181EB19D008BA3F2 /* InfoPlist.strings */; };
		5766E9CB181EB19D008BA3F2 /* main.m in Sources */ = {isa = PBXBuildFile; fileRef = 5766E9CA181EB19D008BA3F2 /* main.m */; };
		5766E9CF181EB19D008BA3F2 /* AppDelegate.m in Sources */ = {isa = PBXBuildFile; fileRef = 5766E9CE181EB19D008BA3F2 /* AppDelegate.m */; };
		5766E9D2181EB19D008BA3F2 /* Main.storyboard in Resources */ = {isa = PBXBuildFile; fileRef = 5766E9D0181EB19D008BA3F2 /* Main.storyboard */; };
		5766E9D5181EB19D008BA3F2 /* ViewController.m in Sources */ = {isa = PBXBuildFile; fileRef = 5766E9D4181EB19D008BA3F2 /* ViewController.m */; };
		5766E9D7181EB19D008BA3F2 /* Images.xcassets in Resources */ = {isa = PBXBuildFile; fileRef = 5766E9D6181EB19D008BA3F2 /* Images.xcassets */; };
		5766E9DE181EB19D008BA3F2 /* XCTest.framework in Frameworks */ = {isa = PBXBuildFile; fileRef = 5766E9DD181EB19D008BA3F2 /* XCTest.framework */; };
		5766E9DF181EB19D008BA3F2 /* Foundation.framework in Frameworks */ = {isa = PBXBuildFile; fileRef = 5766E9BE181EB19D008BA3F2 /* Foundation.framework */; };
		5766E9E0181EB19D008BA3F2 /* UIKit.framework in Frameworks */ = {isa = PBXBuildFile; fileRef = 5766E9C2181EB19D008BA3F2 /* UIKit.framework */; };
		5766E9E8181EB19D008BA3F2 /* InfoPlist.strings in Resources */ = {isa = PBXBuildFile; fileRef = 5766E9E6181EB19D008BA3F2 /* InfoPlist.strings */; };
		5766E9EA181EB19D008BA3F2 /* testAppTests.m in Sources */ = {isa = PBXBuildFile; fileRef = 5766E9E9181EB19D008BA3F2 /* testAppTests.m */; };
		5766E9FB1820A38F008BA3F2 /* cameraFactory.m in Sources */ = {isa = PBXBuildFile; fileRef = 5766E9FA1820A38F008BA3F2 /* cameraFactory.m */; };
		5766E9FE1820C3FD008BA3F2 /* baseCamera.m in Sources */ = {isa = PBXBuildFile; fileRef = 5766E9FD1820C3FD008BA3F2 /* baseCamera.m */; };
		5766EA041820C473008BA3F2 /* fourCamera.m in Sources */ = {isa = PBXBuildFile; fileRef = 5766EA031820C473008BA3F2 /* fourCamera.m */; };
		5766EA071820C495008BA3F2 /* eightCamera.m in Sources */ = {isa = PBXBuildFile; fileRef = 5766EA061820C495008BA3F2 /* eightCamera.m */; };
		5766EA0A1820C4AD008BA3F2 /* sixteenCamera.m in Sources */ = {isa = PBXBuildFile; fileRef = 5766EA091820C4AD008BA3F2 /* sixteenCamera.m */; };
/* End PBXBuildFile section */

/* Begin PBXContainerItemProxy section */
		5766E9E1181EB19D008BA3F2 /* PBXContainerItemProxy */ = {
			isa = PBXContainerItemProxy;
			containerPortal = 5766E9B3181EB19C008BA3F2 /* Project object */;
			proxyType = 1;
			remoteGlobalIDString = 5766E9BA181EB19D008BA3F2;
			remoteInfo = testApp;
		};
/* End PBXContainerItemProxy section */

/* Begin PBXFileReference section */
		5766E9BB181EB19D008BA3F2 /* testApp.app */ = {isa = PBXFileReference; explicitFileType = wrapper.application; includeInIndex = 0; path = testApp.app; sourceTree = BUILT_PRODUCTS_DIR; };
		5766E9BE181EB19D008BA3F2 /* Foundation.framework */ = {isa = PBXFileReference; lastKnownFileType = wrapper.framework; name = Foundation.framework; path = System/Library/Frameworks/Foundation.framework; sourceTree = SDKROOT; };
		5766E9C0181EB19D008BA3F2 /* CoreGraphics.framework */ = {isa = PBXFileReference; lastKnownFileType = wrapper.framework; name = CoreGraphics.framework; path = System/Library/Frameworks/CoreGraphics.framework; sourceTree = SDKROOT; };
		5766E9C2181EB19D008BA3F2 /* UIKit.framework */ = {isa = PBXFileReference; lastKnownFileType = wrapper.framework; name = UIKit.framework; path = System/Library/Frameworks/UIKit.framework; sourceTree = SDKROOT; };
		5766E9C6181EB19D008BA3F2 /* testApp-Info.plist */ = {isa = PBXFileReference; lastKnownFileType = text.plist.xml; path = "testApp-Info.plist"; sourceTree = "<group>"; };
		5766E9C8181EB19D008BA3F2 /* en */ = {isa = PBXFileReference; lastKnownFileType = text.plist.strings; name = en; path = en.lproj/InfoPlist.strings; sourceTree = "<group>"; };
		5766E9CA181EB19D008BA3F2 /* main.m */ = {isa = PBXFileReference; lastKnownFileType = sourcecode.c.objc; path = main.m; sourceTree = "<group>"; };
		5766E9CC181EB19D008BA3F2 /* testApp-Prefix.pch */ = {isa = PBXFileReference; lastKnownFileType = sourcecode.c.h; path = "testApp-Prefix.pch"; sourceTree = "<group>"; };
		5766E9CD181EB19D008BA3F2 /* AppDelegate.h */ = {isa = PBXFileReference; lastKnownFileType = sourcecode.c.h; path = AppDelegate.h; sourceTree = "<group>"; };
		5766E9CE181EB19D008BA3F2 /* AppDelegate.m */ = {isa = PBXFileReference; lastKnownFileType = sourcecode.c.objc; path = AppDelegate.m; sourceTree = "<group>"; };
		5766E9D1181EB19D008BA3F2 /* Base */ = {isa = PBXFileReference; lastKnownFileType = file.storyboard; name = Base; path = Base.lproj/Main.storyboard; sourceTree = "<group>"; };
		5766E9D3181EB19D008BA3F2 /* ViewController.h */ = {isa = PBXFileReference; lastKnownFileType = sourcecode.c.h; path = ViewController.h; sourceTree = "<group>"; };
		5766E9D4181EB19D008BA3F2 /* ViewController.m */ = {isa = PBXFileReference; lastKnownFileType = sourcecode.c.objc; path = ViewController.m; sourceTree = "<group>"; };
		5766E9D6181EB19D008BA3F2 /* Images.xcassets */ = {isa = PBXFileReference; lastKnownFileType = folder.assetcatalog; path = Images.xcassets; sourceTree = "<group>"; };
		5766E9DC181EB19D008BA3F2 /* testAppTests.xctest */ = {isa = PBXFileReference; explicitFileType = wrapper.cfbundle; includeInIndex = 0; path = testAppTests.xctest; sourceTree = BUILT_PRODUCTS_DIR; };
		5766E9DD181EB19D008BA3F2 /* XCTest.framework */ = {isa = PBXFileReference; lastKnownFileType = wrapper.framework; name = XCTest.framework; path = Library/Frameworks/XCTest.framework; sourceTree = DEVELOPER_DIR; };
		5766E9E5181EB19D008BA3F2 /* testAppTests-Info.plist */ = {isa = PBXFileReference; lastKnownFileType = text.plist.xml; path = "testAppTests-Info.plist"; sourceTree = "<group>"; };
		5766E9E7181EB19D008BA3F2 /* en */ = {isa = PBXFileReference; lastKnownFileType = text.plist.strings; name = en; path = en.lproj/InfoPlist.strings; sourceTree = "<group>"; };
		5766E9E9181EB19D008BA3F2 /* testAppTests.m */ = {isa = PBXFileReference; lastKnownFileType = sourcecode.c.objc; path = testAppTests.m; sourceTree = "<group>"; };
		5766E9F91820A38F008BA3F2 /* cameraFactory.h */ = {isa = PBXFileReference; fileEncoding = 4; lastKnownFileType = sourcecode.c.h; path = cameraFactory.h; sourceTree = "<group>"; };
		5766E9FA1820A38F008BA3F2 /* cameraFactory.m */ = {isa = PBXFileReference; fileEncoding = 4; lastKnownFileType = sourcecode.c.objc; path = cameraFactory.m; sourceTree = "<group>"; };
		5766E9FC1820C3FD008BA3F2 /* baseCamera.h */ = {isa = PBXFileReference; fileEncoding = 4; lastKnownFileType = sourcecode.c.h; path = baseCamera.h; sourceTree = "<group>"; };
		5766E9FD1820C3FD008BA3F2 /* baseCamera.m */ = {isa = PBXFileReference; fileEncoding = 4; lastKnownFileType = sourcecode.c.objc; path = baseCamera.m; sourceTree = "<group>"; };
		5766EA021820C473008BA3F2 /* fourCamera.h */ = {isa = PBXFileReference; fileEncoding = 4; lastKnownFileType = sourcecode.c.h; path = fourCamera.h; sourceTree = "<group>"; };
		5766EA031820C473008BA3F2 /* fourCamera.m */ = {isa = PBXFileReference; fileEncoding = 4; lastKnownFileType = sourcecode.c.objc; path = fourCamera.m; sourceTree = "<group>"; };
		5766EA051820C495008BA3F2 /* eightCamera.h */ = {isa = PBXFileReference; fileEncoding = 4; lastKnownFileType = sourcecode.c.h; path = eightCamera.h; sourceTree = "<group>"; };
		5766EA061820C495008BA3F2 /* eightCamera.m */ = {isa = PBXFileReference; fileEncoding = 4; lastKnownFileType = sourcecode.c.objc; path = eightCamera.m; sourceTree = "<group>"; };
		5766EA081820C4AD008BA3F2 /* sixteenCamera.h */ = {isa = PBXFileReference; fileEncoding = 4; lastKnownFileType = sourcecode.c.h; path = sixteenCamera.h; sourceTree = "<group>"; };
		5766EA091820C4AD008BA3F2 /* sixteenCamera.m */ = {isa = PBXFileReference; fileEncoding = 4; lastKnownFileType = sourcecode.c.objc; path = sixteenCamera.m; sourceTree = "<group>"; };
/* End PBXFileReference section */

/* Begin PBXFrameworksBuildPhase section */
		5766E9B8181EB19D008BA3F2 /* Frameworks */ = {
			isa = PBXFrameworksBuildPhase;
			buildActionMask = 2147483647;
			files = (
				5766E9C1181EB19D008BA3F2 /* CoreGraphics.framework in Frameworks */,
				5766E9C3181EB19D008BA3F2 /* UIKit.framework in Frameworks */,
				5766E9BF181EB19D008BA3F2 /* Foundation.framework in Frameworks */,
			);
			runOnlyForDeploymentPostprocessing = 0;
		};
		5766E9D9181EB19D008BA3F2 /* Frameworks */ = {
			isa = PBXFrameworksBuildPhase;
			buildActionMask = 2147483647;
			files = (
				5766E9DE181EB19D008BA3F2 /* XCTest.framework in Frameworks */,
				5766E9E0181EB19D008BA3F2 /* UIKit.framework in Frameworks */,
				5766E9DF181EB19D008BA3F2 /* Foundation.framework in Frameworks */,
			);
			runOnlyForDeploymentPostprocessing = 0;
		};
/* End PBXFrameworksBuildPhase section */

/* Begin PBXGroup section */
		5766E9B2181EB19C008BA3F2 = {
			isa = PBXGroup;
			children = (
				5766E9C4181EB19D008BA3F2 /* testApp */,
				5766E9E3181EB19D008BA3F2 /* testAppTests */,
				5766E9BD181EB19D008BA3F2 /* Frameworks */,
				5766E9BC181EB19D008BA3F2 /* Products */,
			);
			sourceTree = "<group>";
		};
		5766E9BC181EB19D008BA3F2 /* Products */ = {
			isa = PBXGroup;
			children = (
				5766E9BB181EB19D008BA3F2 /* testApp.app */,
				5766E9DC181EB19D008BA3F2 /* testAppTests.xctest */,
			);
			name = Products;
			sourceTree = "<group>";
		};
		5766E9BD181EB19D008BA3F2 /* Frameworks */ = {
			isa = PBXGroup;
			children = (
				5766E9BE181EB19D008BA3F2 /* Foundation.framework */,
				5766E9C0181EB19D008BA3F2 /* CoreGraphics.framework */,
				5766E9C2181EB19D008BA3F2 /* UIKit.framework */,
				5766E9DD181EB19D008BA3F2 /* XCTest.framework */,
			);
			name = Frameworks;
			sourceTree = "<group>";
		};
		5766E9C4181EB19D008BA3F2 /* testApp */ = {
			isa = PBXGroup;
			children = (
				5766E9CD181EB19D008BA3F2 /* AppDelegate.h */,
				5766E9CE181EB19D008BA3F2 /* AppDelegate.m */,
				5766E9D0181EB19D008BA3F2 /* Main.storyboard */,
				5766E9D3181EB19D008BA3F2 /* ViewController.h */,
				5766E9D4181EB19D008BA3F2 /* ViewController.m */,
				5766E9D6181EB19D008BA3F2 /* Images.xcassets */,
				5766E9C5181EB19D008BA3F2 /* Supporting Files */,
				5766E9F91820A38F008BA3F2 /* cameraFactory.h */,
				5766E9FA1820A38F008BA3F2 /* cameraFactory.m */,
				5766E9FC1820C3FD008BA3F2 /* baseCamera.h */,
				5766E9FD1820C3FD008BA3F2 /* baseCamera.m */,
				5766EA021820C473008BA3F2 /* fourCamera.h */,
				5766EA031820C473008BA3F2 /* fourCamera.m */,
				5766EA051820C495008BA3F2 /* eightCamera.h */,
				5766EA061820C495008BA3F2 /* eightCamera.m */,
				5766EA081820C4AD008BA3F2 /* sixteenCamera.h */,
				5766EA091820C4AD008BA3F2 /* sixteenCamera.m */,
			);
			path = testApp;
			sourceTree = "<group>";
		};
		5766E9C5181EB19D008BA3F2 /* Supporting Files */ = {
			isa = PBXGroup;
			children = (
				5766E9C6181EB19D008BA3F2 /* testApp-Info.plist */,
				5766E9C7181EB19D008BA3F2 /* InfoPlist.strings */,
				5766E9CA181EB19D008BA3F2 /* main.m */,
				5766E9CC181EB19D008BA3F2 /* testApp-Prefix.pch */,
			);
			name = "Supporting Files";
			sourceTree = "<group>";
		};
		5766E9E3181EB19D008BA3F2 /* testAppTests */ = {
			isa = PBXGroup;
			children = (
				5766E9E9181EB19D008BA3F2 /* testAppTests.m */,
				5766E9E4181EB19D008BA3F2 /* Supporting Files */,
			);
			path = testAppTests;
			sourceTree = "<group>";
		};
		5766E9E4181EB19D008BA3F2 /* Supporting Files */ = {
			isa = PBXGroup;
			children = (
				5766E9E5181EB19D008BA3F2 /* testAppTests-Info.plist */,
				5766E9E6181EB19D008BA3F2 /* InfoPlist.strings */,
			);
			name = "Supporting Files";
			sourceTree = "<group>";
		};
/* End PBXGroup section */

/* Begin PBXNativeTarget section */
		5766E9BA181EB19D008BA3F2 /* testApp */ = {
			isa = PBXNativeTarget;
			buildConfigurationList = 5766E9ED181EB19D008BA3F2 /* Build configuration list for PBXNativeTarget "testApp" */;
			buildPhases = (
				5766E9B7181EB19D008BA3F2 /* Sources */,
				5766E9B8181EB19D008BA3F2 /* Frameworks */,
				5766E9B9181EB19D008BA3F2 /* Resources */,
			);
			buildRules = (
			);
			dependencies = (
			);
			name = testApp;
			productName = testApp;
			productReference = 5766E9BB181EB19D008BA3F2 /* testApp.app */;
			productType = "com.apple.product-type.application";
		};
		5766E9DB181EB19D008BA3F2 /* testAppTests */ = {
			isa = PBXNativeTarget;
			buildConfigurationList = 5766E9F0181EB19D008BA3F2 /* Build configuration list for PBXNativeTarget "testAppTests" */;
			buildPhases = (
				5766E9D8181EB19D008BA3F2 /* Sources */,
				5766E9D9181EB19D008BA3F2 /* Frameworks */,
				5766E9DA181EB19D008BA3F2 /* Resources */,
			);
			buildRules = (
			);
			dependencies = (
				5766E9E2181EB19D008BA3F2 /* PBXTargetDependency */,
			);
			name = testAppTests;
			productName = testAppTests;
			productReference = 5766E9DC181EB19D008BA3F2 /* testAppTests.xctest */;
			productType = "com.apple.product-type.bundle.unit-test";
		};
/* End PBXNativeTarget section */

/* Begin PBXProject section */
		5766E9B3181EB19C008BA3F2 /* Project object */ = {
			isa = PBXProject;
			attributes = {
				LastUpgradeCheck = 0500;
				ORGANIZATIONNAME = "Jamal Moubarak";
				TargetAttributes = {
					5766E9DB181EB19D008BA3F2 = {
						TestTargetID = 5766E9BA181EB19D008BA3F2;
					};
				};
			};
			buildConfigurationList = 5766E9B6181EB19D008BA3F2 /* Build configuration list for PBXProject "testApp" */;
			compatibilityVersion = "Xcode 3.2";
			developmentRegion = English;
			hasScannedForEncodings = 0;
			knownRegions = (
				en,
				Base,
			);
			mainGroup = 5766E9B2181EB19C008BA3F2;
			productRefGroup = 5766E9BC181EB19D008BA3F2 /* Products */;
			projectDirPath = "";
			projectRoot = "";
			targets = (
				5766E9BA181EB19D008BA3F2 /* testApp */,
				5766E9DB181EB19D008BA3F2 /* testAppTests */,
			);
		};
/* End PBXProject section */

/* Begin PBXResourcesBuildPhase section */
		5766E9B9181EB19D008BA3F2 /* Resources */ = {
			isa = PBXResourcesBuildPhase;
			buildActionMask = 2147483647;
			files = (
				5766E9D7181EB19D008BA3F2 /* Images.xcassets in Resources */,
				5766E9C9181EB19D008BA3F2 /* InfoPlist.strings in Resources */,
				5766E9D2181EB19D008BA3F2 /* Main.storyboard in Resources */,
			);
			runOnlyForDeploymentPostprocessing = 0;
		};
		5766E9DA181EB19D008BA3F2 /* Resources */ = {
			isa = PBXResourcesBuildPhase;
			buildActionMask = 2147483647;
			files = (
				5766E9E8181EB19D008BA3F2 /* InfoPlist.strings in Resources */,
			);
			runOnlyForDeploymentPostprocessing = 0;
		};
/* End PBXResourcesBuildPhase section */

/* Begin PBXSourcesBuildPhase section */
		5766E9B7181EB19D008BA3F2 /* Sources */ = {
			isa = PBXSourcesBuildPhase;
			buildActionMask = 2147483647;
			files = (
				5766E9D5181EB19D008BA3F2 /* ViewController.m in Sources */,
				5766EA071820C495008BA3F2 /* eightCamera.m in Sources */,
				5766E9CF181EB19D008BA3F2 /* AppDelegate.m in Sources */,
				5766EA0A1820C4AD008BA3F2 /* sixteenCamera.m in Sources */,
				5766E9CB181EB19D008BA3F2 /* main.m in Sources */,
				5766E9FE1820C3FD008BA3F2 /* baseCamera.m in Sources */,
				5766EA041820C473008BA3F2 /* fourCamera.m in Sources */,
				5766E9FB1820A38F008BA3F2 /* cameraFactory.m in Sources */,
			);
			runOnlyForDeploymentPostprocessing = 0;
		};
		5766E9D8181EB19D008BA3F2 /* Sources */ = {
			isa = PBXSourcesBuildPhase;
			buildActionMask = 2147483647;
			files = (
				5766E9EA181EB19D008BA3F2 /* testAppTests.m in Sources */,
			);
			runOnlyForDeploymentPostprocessing = 0;
		};
/* End PBXSourcesBuildPhase section */

/* Begin PBXTargetDependency section */
		5766E9E2181EB19D008BA3F2 /* PBXTargetDependency */ = {
			isa = PBXTargetDependency;
			target = 5766E9BA181EB19D008BA3F2 /* testApp */;
			targetProxy = 5766E9E1181EB19D008BA3F2 /* PBXContainerItemProxy */;
		};
/* End PBXTargetDependency section */

/* Begin PBXVariantGroup section */
		5766E9C7181EB19D008BA3F2 /* InfoPlist.strings */ = {
			isa = PBXVariantGroup;
			children = (
				5766E9C8181EB19D008BA3F2 /* en */,
			);
			name = InfoPlist.strings;
			sourceTree = "<group>";
		};
		5766E9D0181EB19D008BA3F2 /* Main.storyboard */ = {
			isa = PBXVariantGroup;
			children = (
				5766E9D1181EB19D008BA3F2 /* Base */,
			);
			name = Main.storyboard;
			sourceTree = "<group>";
		};
		5766E9E6181EB19D008BA3F2 /* InfoPlist.strings */ = {
			isa = PBXVariantGroup;
			children = (
				5766E9E7181EB19D008BA3F2 /* en */,
			);
			name = InfoPlist.strings;
			sourceTree = "<group>";
		};
/* End PBXVariantGroup section */

/* Begin XCBuildConfiguration section */
		5766E9EB181EB19D008BA3F2 /* Debug */ = {
			isa = XCBuildConfiguration;
			buildSettings = {
				ALWAYS_SEARCH_USER_PATHS = NO;
				ARCHS = "$(ARCHS_STANDARD_INCLUDING_64_BIT)";
				CLANG_CXX_LANGUAGE_STANDARD = "gnu++0x";
				CLANG_CXX_LIBRARY = "libc++";
				CLANG_ENABLE_MODULES = YES;
				CLANG_ENABLE_OBJC_ARC = YES;
				CLANG_WARN_BOOL_CONVERSION = YES;
				CLANG_WARN_CONSTANT_CONVERSION = YES;
				CLANG_WARN_DIRECT_OBJC_ISA_USAGE = YES_ERROR;
				CLANG_WARN_EMPTY_BODY = YES;
				CLANG_WARN_ENUM_CONVERSION = YES;
				CLANG_WARN_INT_CONVERSION = YES;
				CLANG_WARN_OBJC_ROOT_CLASS = YES_ERROR;
				CLANG_WARN__DUPLICATE_METHOD_MATCH = YES;
				"CODE_SIGN_IDENTITY[sdk=iphoneos*]" = "iPhone Developer";
				COPY_PHASE_STRIP = NO;
				GCC_C_LANGUAGE_STANDARD = gnu99;
				GCC_DYNAMIC_NO_PIC = NO;
				GCC_OPTIMIZATION_LEVEL = 0;
				GCC_PREPROCESSOR_DEFINITIONS = (
					"DEBUG=1",
					"$(inherited)",
				);
				GCC_SYMBOLS_PRIVATE_EXTERN = NO;
				GCC_WARN_64_TO_32_BIT_CONVERSION = YES;
				GCC_WARN_ABOUT_RETURN_TYPE = YES_ERROR;
				GCC_WARN_UNDECLARED_SELECTOR = YES;
				GCC_WARN_UNINITIALIZED_AUTOS = YES;
				GCC_WARN_UNUSED_FUNCTION = YES;
				GCC_WARN_UNUSED_VARIABLE = YES;
				IPHONEOS_DEPLOYMENT_TARGET = 7.0;
				ONLY_ACTIVE_ARCH = YES;
				SDKROOT = iphoneos;
			};
			name = Debug;
		};
		5766E9EC181EB19D008BA3F2 /* Release */ = {
			isa = XCBuildConfiguration;
			buildSettings = {
				ALWAYS_SEARCH_USER_PATHS = NO;
				ARCHS = "$(ARCHS_STANDARD_INCLUDING_64_BIT)";
				CLANG_CXX_LANGUAGE_STANDARD = "gnu++0x";
				CLANG_CXX_LIBRARY = "libc++";
				CLANG_ENABLE_MODULES = YES;
				CLANG_ENABLE_OBJC_ARC = YES;
				CLANG_WARN_BOOL_CONVERSION = YES;
				CLANG_WARN_CONSTANT_CONVERSION = YES;
				CLANG_WARN_DIRECT_OBJC_ISA_USAGE = YES_ERROR;
				CLANG_WARN_EMPTY_BODY = YES;
				CLANG_WARN_ENUM_CONVERSION = YES;
				CLANG_WARN_INT_CONVERSION = YES;
				CLANG_WARN_OBJC_ROOT_CLASS = YES_ERROR;
				CLANG_WARN__DUPLICATE_METHOD_MATCH = YES;
				"CODE_SIGN_IDENTITY[sdk=iphoneos*]" = "iPhone Developer";
				COPY_PHASE_STRIP = YES;
				ENABLE_NS_ASSERTIONS = NO;
				GCC_C_LANGUAGE_STANDARD = gnu99;
				GCC_WARN_64_TO_32_BIT_CONVERSION = YES;
				GCC_WARN_ABOUT_RETURN_TYPE = YES_ERROR;
				GCC_WARN_UNDECLARED_SELECTOR = YES;
				GCC_WARN_UNINITIALIZED_AUTOS = YES;
				GCC_WARN_UNUSED_FUNCTION = YES;
				GCC_WARN_UNUSED_VARIABLE = YES;
				IPHONEOS_DEPLOYMENT_TARGET = 7.0;
				SDKROOT = iphoneos;
				VALIDATE_PRODUCT = YES;
			};
			name = Release;
		};
		5766E9EE181EB19D008BA3F2 /* Debug */ = {
			isa = XCBuildConfiguration;
			buildSettings = {
				ASSETCATALOG_COMPILER_APPICON_NAME = AppIcon;
				ASSETCATALOG_COMPILER_LAUNCHIMAGE_NAME = LaunchImage;
				GCC_PRECOMPILE_PREFIX_HEADER = YES;
				GCC_PREFIX_HEADER = "testApp/testApp-Prefix.pch";
				INFOPLIST_FILE = "testApp/testApp-Info.plist";
				PRODUCT_NAME = "$(TARGET_NAME)";
				WRAPPER_EXTENSION = app;
			};
			name = Debug;
		};
		5766E9EF181EB19D008BA3F2 /* Release */ = {
			isa = XCBuildConfiguration;
			buildSettings = {
				ASSETCATALOG_COMPILER_APPICON_NAME = AppIcon;
				ASSETCATALOG_COMPILER_LAUNCHIMAGE_NAME = LaunchImage;
				GCC_PRECOMPILE_PREFIX_HEADER = YES;
				GCC_PREFIX_HEADER = "testApp/testApp-Prefix.pch";
				INFOPLIST_FILE = "testApp/testApp-Info.plist";
				PRODUCT_NAME = "$(TARGET_NAME)";
				WRAPPER_EXTENSION = app;
			};
			name = Release;
		};
		5766E9F1181EB19D008BA3F2 /* Debug */ = {
			isa = XCBuildConfiguration;
			buildSettings = {
				ARCHS = "$(ARCHS_STANDARD_INCLUDING_64_BIT)";
				BUNDLE_LOADER = "$(BUILT_PRODUCTS_DIR)/testApp.app/testApp";
				FRAMEWORK_SEARCH_PATHS = (
					"$(SDKROOT)/Developer/Library/Frameworks",
					"$(inherited)",
					"$(DEVELOPER_FRAMEWORKS_DIR)",
				);
				GCC_PRECOMPILE_PREFIX_HEADER = YES;
				GCC_PREFIX_HEADER = "testApp/testApp-Prefix.pch";
				GCC_PREPROCESSOR_DEFINITIONS = (
					"DEBUG=1",
					"$(inherited)",
				);
				INFOPLIST_FILE = "testAppTests/testAppTests-Info.plist";
				PRODUCT_NAME = "$(TARGET_NAME)";
				TEST_HOST = "$(BUNDLE_LOADER)";
				WRAPPER_EXTENSION = xctest;
			};
			name = Debug;
		};
		5766E9F2181EB19D008BA3F2 /* Release */ = {
			isa = XCBuildConfiguration;
			buildSettings = {
				ARCHS = "$(ARCHS_STANDARD_INCLUDING_64_BIT)";
				BUNDLE_LOADER = "$(BUILT_PRODUCTS_DIR)/testApp.app/testApp";
				FRAMEWORK_SEARCH_PATHS = (
					"$(SDKROOT)/Developer/Library/Frameworks",
					"$(inherited)",
					"$(DEVELOPER_FRAMEWORKS_DIR)",
				);
				GCC_PRECOMPILE_PREFIX_HEADER = YES;
				GCC_PREFIX_HEADER = "testApp/testApp-Prefix.pch";
				INFOPLIST_FILE = "testAppTests/testAppTests-Info.plist";
				PRODUCT_NAME = "$(TARGET_NAME)";
				TEST_HOST = "$(BUNDLE_LOADER)";
				WRAPPER_EXTENSION = xctest;
			};
			name = Release;
		};
/* End XCBuildConfiguration section */

/* Begin XCConfigurationList section */
		5766E9B6181EB19D008BA3F2 /* Build configuration list for PBXProject "testApp" */ = {
			isa = XCConfigurationList;
			buildConfigurations = (
				5766E9EB181EB19D008BA3F2 /* Debug */,
				5766E9EC181EB19D008BA3F2 /* Release */,
			);
			defaultConfigurationIsVisible = 0;
			defaultConfigurationName = Release;
		};
		5766E9ED181EB19D008BA3F2 /* Build configuration list for PBXNativeTarget "testApp" */ = {
			isa = XCConfigurationList;
			buildConfigurations = (
				5766E9EE181EB19D008BA3F2 /* Debug */,
				5766E9EF181EB19D008BA3F2 /* Release */,
			);
			defaultConfigurationIsVisible = 0;
		};
		5766E9F0181EB19D008BA3F2 /* Build configuration list for PBXNativeTarget "testAppTests" */ = {
			isa = XCConfigurationList;
			buildConfigurations = (
				5766E9F1181EB19D008BA3F2 /* Debug */,
				5766E9F2181EB19D008BA3F2 /* Release */,
			);
			defaultConfigurationIsVisible = 0;
		};
/* End XCConfigurationList section */
	};
	rootObject = 5766E9B3181EB19C008BA3F2 /* Project object */;
}
